
Microsoft Visual Studio Solution File, Format Version 12.00
# Visual Studio Version 17
VisualStudioVersion = 17.5.33530.505
MinimumVisualStudioVersion = 10.0.40219.1
Project("{FAE04EC0-301F-11D3-BF4B-00C04F79EFBC}") = "билеты", "билеты\билеты.csproj", "{CD86E381-B0F6-402B-829E-64D432447C50}"
EndProject
Global
	GlobalSection(SolutionConfigurationPlatforms) = preSolution
		Debug|Any CPU = Debug|Any CPU
		Release|Any CPU = Release|Any CPU
	EndGlobalSection
	GlobalSection(ProjectConfigurationPlatforms) = postSolution
		{CD86E381-B0F6-402B-829E-64D432447C50}.Debug|Any CPU.ActiveCfg = Debug|Any CPU
		{CD86E381-B0F6-402B-829E-64D432447C50}.Debug|Any CPU.Build.0 = Debug|Any CPU
		{CD86E381-B0F6-402B-829E-64D432447C50}.Release|Any CPU.ActiveCfg = Release|Any CPU
		{CD86E381-B0F6-402B-829E-64D432447C50}.Release|Any CPU.Build.0 = Release|Any CPU
	EndGlobalSection
	GlobalSection(SolutionProperties) = preSolution
		HideSolutionNode = FALSE
	EndGlobalSection
	GlobalSection(ExtensibilityGlobals) = postSolution
		SolutionGuid = {A3CC9EC9-1AF5-4228-BB15-FA9C09F84717}
	EndGlobalSection
EndGlobal
